
Microsoft Visual Studio Solution File, Format Version 12.00
# Visual Studio Version 17
VisualStudioVersion = 17.14.36221.1 d17.14
MinimumVisualStudioVersion = 10.0.40219.1
Project("{FAE04EC0-301F-11D3-BF4B-00C04F79EFBC}") = "ECommerce_task", "ECommerce_task\ECommerce_task.csproj", "{C17F9944-3FAD-4452-BB12-E42A2543E8EE}"
EndProject
Global
	GlobalSection(SolutionConfigurationPlatforms) = preSolution
		Debug|Any CPU = Debug|Any CPU
		Release|Any CPU = Release|Any CPU
	EndGlobalSection
	GlobalSection(ProjectConfigurationPlatforms) = postSolution
		{C17F9944-3FAD-4452-BB12-E42A2543E8EE}.Debug|Any CPU.ActiveCfg = Debug|Any CPU
		{C17F9944-3FAD-4452-BB12-E42A2543E8EE}.Debug|Any CPU.Build.0 = Debug|Any CPU
		{C17F9944-3FAD-4452-BB12-E42A2543E8EE}.Release|Any CPU.ActiveCfg = Release|Any CPU
		{C17F9944-3FAD-4452-BB12-E42A2543E8EE}.Release|Any CPU.Build.0 = Release|Any CPU
	EndGlobalSection
	GlobalSection(SolutionProperties) = preSolution
		HideSolutionNode = FALSE
	EndGlobalSection
	GlobalSection(ExtensibilityGlobals) = postSolution
		SolutionGuid = {316EC875-2054-4DAA-BCA1-CAE81FC7DF7C}
	EndGlobalSection
EndGlobal
